<?xml version="1.0" encoding="utf-8"?>
<Project ToolsVersion="16.0" xmlns="http://schemas.microsoft.com/developer/msbuild/2003">
  <ItemGroup>
    <ClCompile Include="C:\YEJIN\부산대\KEEPER\스터디\게임수학\gamemath\Source\Player\Precompiled.cpp" />
    <ClCompile Include="C:\YEJIN\부산대\KEEPER\스터디\게임수학\gamemath\Source\Player\Private\SystemInputManager.cpp">
      <Filter>Private</Filter>
    </ClCompile>
    <ClCompile Include="C:\YEJIN\부산대\KEEPER\스터디\게임수학\gamemath\Source\Player\SoftRenderer.cpp" />
    <ClCompile Include="C:\YEJIN\부산대\KEEPER\스터디\게임수학\gamemath\Source\Player\SoftRenderer2D.cpp" />
    <ClCompile Include="C:\YEJIN\부산대\KEEPER\스터디\게임수학\gamemath\Source\Player\SoftRenderer3D.cpp" />
    <ClCompile Include="C:\YEJIN\부산대\KEEPER\스터디\게임수학\gamemath\Source\Player\Private\Windows\WindowsApp.cpp">
      <Filter>Private\Windows</Filter>
    </ClCompile>
  </ItemGroup>
  <ItemGroup>
    <ClInclude Include="C:\YEJIN\부산대\KEEPER\스터디\게임수학\gamemath\Source\Player\Precompiled.h" />
    <ClInclude Include="C:\YEJIN\부산대\KEEPER\스터디\게임수학\gamemath\Source\Player\SoftRenderer.h" />
    <ClInclude Include="C:\YEJIN\부산대\KEEPER\스터디\게임수학\gamemath\Source\Player\SystemInputManager.h" />
    <ClInclude Include="C:\YEJIN\부산대\KEEPER\스터디\게임수학\gamemath\Source\Player\Private\Windows\Res\resource.h">
      <Filter>Private\Windows\Res</Filter>
    </ClInclude>
    <ClInclude Include="C:\YEJIN\부산대\KEEPER\스터디\게임수학\gamemath\Source\Player\Private\Windows\WindowsPlayer.h">
      <Filter>Private\Windows</Filter>
    </ClInclude>
    <ClInclude Include="C:\YEJIN\부산대\KEEPER\스터디\게임수학\gamemath\Source\Player\Private\Windows\WindowsUtil.h">
      <Filter>Private\Windows</Filter>
    </ClInclude>
  </ItemGroup>
  <ItemGroup>
    <None Include="C:\YEJIN\부산대\KEEPER\스터디\게임수학\gamemath\Source\Player\Private\Windows\Res\player.ico">
      <Filter>Private\Windows\Res</Filter>
    </None>
    <None Include="C:\YEJIN\부산대\KEEPER\스터디\게임수학\gamemath\Source\Player\Private\Windows\Res\player_small.ico">
      <Filter>Private\Windows\Res</Filter>
    </None>
  </ItemGroup>
  <ItemGroup>
    <ResourceCompile Include="C:\YEJIN\부산대\KEEPER\스터디\게임수학\gamemath\Source\Player\Private\Windows\Res\player.rc">
      <Filter>Private\Windows\Res</Filter>
    </ResourceCompile>
  </ItemGroup>
  <ItemGroup>
    <Filter Include="Private">
      <UniqueIdentifier>{47B5F46A-CA5D-3DF2-B23F-A1C811578420}</UniqueIdentifier>
    </Filter>
    <Filter Include="Private\Windows">
      <UniqueIdentifier>{72626026-85B9-36C0-B4A0-8120BA752758}</UniqueIdentifier>
    </Filter>
    <Filter Include="Private\Windows\Res">
      <UniqueIdentifier>{E8CFD87B-4B21-3D85-8582-B7A05CB88625}</UniqueIdentifier>
    </Filter>
  </ItemGroup>
</Project>
