
Microsoft Visual Studio Solution File, Format Version 12.00
# Visual Studio Version 16
Project("{8BC9CEB8-8B4A-11D0-8D11-00A0C91BC942}") = "ALL_BUILD", "ALL_BUILD.vcxproj", "{C4ECB0BC-7E9D-3AC2-B98A-D5001F838A71}"
	ProjectSection(ProjectDependencies) = postProject
		{088AE821-BABF-3386-B487-0EF800102D97} = {088AE821-BABF-3386-B487-0EF800102D97}
	EndProjectSection
EndProject
Project("{8BC9CEB8-8B4A-11D0-8D11-00A0C91BC942}") = "MathModule", "MathModule.vcxproj", "{088AE821-BABF-3386-B487-0EF800102D97}"
	ProjectSection(ProjectDependencies) = postProject
	EndProjectSection
EndProject
Global
	GlobalSection(SolutionConfigurationPlatforms) = preSolution
		Debug|x64 = Debug|x64
		Release|x64 = Release|x64
		MinSizeRel|x64 = MinSizeRel|x64
		RelWithDebInfo|x64 = RelWithDebInfo|x64
	EndGlobalSection
	GlobalSection(ProjectConfigurationPlatforms) = postSolution
		{C4ECB0BC-7E9D-3AC2-B98A-D5001F838A71}.Debug|x64.ActiveCfg = Debug|x64
		{C4ECB0BC-7E9D-3AC2-B98A-D5001F838A71}.Release|x64.ActiveCfg = Release|x64
		{C4ECB0BC-7E9D-3AC2-B98A-D5001F838A71}.MinSizeRel|x64.ActiveCfg = MinSizeRel|x64
		{C4ECB0BC-7E9D-3AC2-B98A-D5001F838A71}.RelWithDebInfo|x64.ActiveCfg = RelWithDebInfo|x64
		{088AE821-BABF-3386-B487-0EF800102D97}.Debug|x64.ActiveCfg = Debug|x64
		{088AE821-BABF-3386-B487-0EF800102D97}.Debug|x64.Build.0 = Debug|x64
		{088AE821-BABF-3386-B487-0EF800102D97}.Release|x64.ActiveCfg = Release|x64
		{088AE821-BABF-3386-B487-0EF800102D97}.Release|x64.Build.0 = Release|x64
		{088AE821-BABF-3386-B487-0EF800102D97}.MinSizeRel|x64.ActiveCfg = MinSizeRel|x64
		{088AE821-BABF-3386-B487-0EF800102D97}.MinSizeRel|x64.Build.0 = MinSizeRel|x64
		{088AE821-BABF-3386-B487-0EF800102D97}.RelWithDebInfo|x64.ActiveCfg = RelWithDebInfo|x64
		{088AE821-BABF-3386-B487-0EF800102D97}.RelWithDebInfo|x64.Build.0 = RelWithDebInfo|x64
	EndGlobalSection
	GlobalSection(ExtensibilityGlobals) = postSolution
		SolutionGuid = {7A54B4F0-C718-3F4E-BA47-5ABF29E0695D}
	EndGlobalSection
	GlobalSection(ExtensibilityAddIns) = postSolution
	EndGlobalSection
EndGlobal
